
Microsoft Visual Studio Solution File, Format Version 12.00
# Visual Studio Version 17
VisualStudioVersion = 17.9.34616.47
MinimumVisualStudioVersion = 10.0.40219.1
Project("{FAE04EC0-301F-11D3-BF4B-00C04F79EFBC}") = "Company.G03.PL", "Company.G03.PL\Company.G03.PL.csproj", "{073E50D0-3815-448A-A4AE-9C3EBB78FF11}"
EndProject
Project("{FAE04EC0-301F-11D3-BF4B-00C04F79EFBC}") = "Company.G03.DAL", "Company.G03.DAL\Company.G03.DAL.csproj", "{FF1560CF-8AB2-47D8-8956-C39FF0D7C7F7}"
EndProject
Project("{FAE04EC0-301F-11D3-BF4B-00C04F79EFBC}") = "Company.G03.BLL", "Company.G03.BLL\Company.G03.BLL.csproj", "{CDE7F4AB-B909-44EA-8109-DF4C7771ABC0}"
EndProject
Global
	GlobalSection(SolutionConfigurationPlatforms) = preSolution
		Debug|Any CPU = Debug|Any CPU
		Release|Any CPU = Release|Any CPU
	EndGlobalSection
	GlobalSection(ProjectConfigurationPlatforms) = postSolution
		{073E50D0-3815-448A-A4AE-9C3EBB78FF11}.Debug|Any CPU.ActiveCfg = Debug|Any CPU
		{073E50D0-3815-448A-A4AE-9C3EBB78FF11}.Debug|Any CPU.Build.0 = Debug|Any CPU
		{073E50D0-3815-448A-A4AE-9C3EBB78FF11}.Release|Any CPU.ActiveCfg = Release|Any CPU
		{073E50D0-3815-448A-A4AE-9C3EBB78FF11}.Release|Any CPU.Build.0 = Release|Any CPU
		{FF1560CF-8AB2-47D8-8956-C39FF0D7C7F7}.Debug|Any CPU.ActiveCfg = Debug|Any CPU
		{FF1560CF-8AB2-47D8-8956-C39FF0D7C7F7}.Debug|Any CPU.Build.0 = Debug|Any CPU
		{FF1560CF-8AB2-47D8-8956-C39FF0D7C7F7}.Release|Any CPU.ActiveCfg = Release|Any CPU
		{FF1560CF-8AB2-47D8-8956-C39FF0D7C7F7}.Release|Any CPU.Build.0 = Release|Any CPU
		{CDE7F4AB-B909-44EA-8109-DF4C7771ABC0}.Debug|Any CPU.ActiveCfg = Debug|Any CPU
		{CDE7F4AB-B909-44EA-8109-DF4C7771ABC0}.Debug|Any CPU.Build.0 = Debug|Any CPU
		{CDE7F4AB-B909-44EA-8109-DF4C7771ABC0}.Release|Any CPU.ActiveCfg = Release|Any CPU
		{CDE7F4AB-B909-44EA-8109-DF4C7771ABC0}.Release|Any CPU.Build.0 = Release|Any CPU
	EndGlobalSection
	GlobalSection(SolutionProperties) = preSolution
		HideSolutionNode = FALSE
	EndGlobalSection
	GlobalSection(ExtensibilityGlobals) = postSolution
		SolutionGuid = {A8CBA24C-A27E-42DD-ADEC-26F11161E1AF}
	EndGlobalSection
EndGlobal
